
Microsoft Visual Studio Solution File, Format Version 12.00
# Visual Studio Version 16
VisualStudioVersion = 16.0.30907.101
MinimumVisualStudioVersion = 10.0.40219.1
Project("{FAE04EC0-301F-11D3-BF4B-00C04F79EFBC}") = "Module1L1Practice", "Module1L1Practice.csproj", "{01627C94-161F-4E01-AE1F-3C691A5053A4}"
EndProject
Global
	GlobalSection(SolutionConfigurationPlatforms) = preSolution
		Debug|Any CPU = Debug|Any CPU
		Release|Any CPU = Release|Any CPU
	EndGlobalSection
	GlobalSection(ProjectConfigurationPlatforms) = postSolution
		{01627C94-161F-4E01-AE1F-3C691A5053A4}.Debug|Any CPU.ActiveCfg = Debug|Any CPU
		{01627C94-161F-4E01-AE1F-3C691A5053A4}.Debug|Any CPU.Build.0 = Debug|Any CPU
		{01627C94-161F-4E01-AE1F-3C691A5053A4}.Release|Any CPU.ActiveCfg = Release|Any CPU
		{01627C94-161F-4E01-AE1F-3C691A5053A4}.Release|Any CPU.Build.0 = Release|Any CPU
	EndGlobalSection
	GlobalSection(SolutionProperties) = preSolution
		HideSolutionNode = FALSE
	EndGlobalSection
	GlobalSection(ExtensibilityGlobals) = postSolution
		SolutionGuid = {AE0A2CF3-8902-4842-8F8C-266708D72486}
	EndGlobalSection
EndGlobal
